
Microsoft Visual Studio Solution File, Format Version 12.00
# Visual Studio Version 16
VisualStudioVersion = 16.0.30907.101
MinimumVisualStudioVersion = 10.0.40219.1
Project("{FAE04EC0-301F-11D3-BF4B-00C04F79EFBC}") = "PrimerDelegati", "PrimerDelegati\PrimerDelegati.csproj", "{A6B92CC8-E85B-45C3-847E-A4328F176165}"
EndProject
Global
	GlobalSection(SolutionConfigurationPlatforms) = preSolution
		Debug|Any CPU = Debug|Any CPU
		Release|Any CPU = Release|Any CPU
	EndGlobalSection
	GlobalSection(ProjectConfigurationPlatforms) = postSolution
		{A6B92CC8-E85B-45C3-847E-A4328F176165}.Debug|Any CPU.ActiveCfg = Debug|Any CPU
		{A6B92CC8-E85B-45C3-847E-A4328F176165}.Debug|Any CPU.Build.0 = Debug|Any CPU
		{A6B92CC8-E85B-45C3-847E-A4328F176165}.Release|Any CPU.ActiveCfg = Release|Any CPU
		{A6B92CC8-E85B-45C3-847E-A4328F176165}.Release|Any CPU.Build.0 = Release|Any CPU
	EndGlobalSection
	GlobalSection(SolutionProperties) = preSolution
		HideSolutionNode = FALSE
	EndGlobalSection
	GlobalSection(ExtensibilityGlobals) = postSolution
		SolutionGuid = {8BD2C23F-B041-46BD-9FEA-8D393D37054B}
	EndGlobalSection
EndGlobal
