
Microsoft Visual Studio Solution File, Format Version 12.00
# Visual Studio Version 16
VisualStudioVersion = 16.0.30907.101
MinimumVisualStudioVersion = 10.0.40219.1
Project("{FAE04EC0-301F-11D3-BF4B-00C04F79EFBC}") = "MVCStudent", "MVCStudent\MVCStudent.csproj", "{DD59CD7C-2353-48BC-86EB-853D8340F0CA}"
EndProject
Global
	GlobalSection(SolutionConfigurationPlatforms) = preSolution
		Debug|Any CPU = Debug|Any CPU
		Release|Any CPU = Release|Any CPU
	EndGlobalSection
	GlobalSection(ProjectConfigurationPlatforms) = postSolution
		{DD59CD7C-2353-48BC-86EB-853D8340F0CA}.Debug|Any CPU.ActiveCfg = Debug|Any CPU
		{DD59CD7C-2353-48BC-86EB-853D8340F0CA}.Debug|Any CPU.Build.0 = Debug|Any CPU
		{DD59CD7C-2353-48BC-86EB-853D8340F0CA}.Release|Any CPU.ActiveCfg = Release|Any CPU
		{DD59CD7C-2353-48BC-86EB-853D8340F0CA}.Release|Any CPU.Build.0 = Release|Any CPU
	EndGlobalSection
	GlobalSection(SolutionProperties) = preSolution
		HideSolutionNode = FALSE
	EndGlobalSection
	GlobalSection(ExtensibilityGlobals) = postSolution
		SolutionGuid = {930EB38A-D735-4DD8-882A-62596FB2D305}
	EndGlobalSection
EndGlobal
